
Microsoft Visual Studio Solution File, Format Version 12.00
# Visual Studio Version 17
VisualStudioVersion = 17.13.35931.197 d17.13
MinimumVisualStudioVersion = 10.0.40219.1
Project("{FAE04EC0-301F-11D3-BF4B-00C04F79EFBC}") = "AnecdoteAPI", "AnecdoteAPI\AnecdoteAPI.csproj", "{670FCADD-8764-4E32-A034-A41D150C9C23}"
EndProject
Project("{FAE04EC0-301F-11D3-BF4B-00C04F79EFBC}") = "AnecdoteClient", "AnecdoteClient\AnecdoteClient.csproj", "{F5815CD8-09A6-9ECB-180F-C56B338B16C8}"
EndProject
Global
	GlobalSection(SolutionConfigurationPlatforms) = preSolution
		Debug|Any CPU = Debug|Any CPU
		Release|Any CPU = Release|Any CPU
	EndGlobalSection
	GlobalSection(ProjectConfigurationPlatforms) = postSolution
		{670FCADD-8764-4E32-A034-A41D150C9C23}.Debug|Any CPU.ActiveCfg = Debug|Any CPU
		{670FCADD-8764-4E32-A034-A41D150C9C23}.Debug|Any CPU.Build.0 = Debug|Any CPU
		{670FCADD-8764-4E32-A034-A41D150C9C23}.Release|Any CPU.ActiveCfg = Release|Any CPU
		{670FCADD-8764-4E32-A034-A41D150C9C23}.Release|Any CPU.Build.0 = Release|Any CPU
		{F5815CD8-09A6-9ECB-180F-C56B338B16C8}.Debug|Any CPU.ActiveCfg = Debug|Any CPU
		{F5815CD8-09A6-9ECB-180F-C56B338B16C8}.Debug|Any CPU.Build.0 = Debug|Any CPU
		{F5815CD8-09A6-9ECB-180F-C56B338B16C8}.Release|Any CPU.ActiveCfg = Release|Any CPU
		{F5815CD8-09A6-9ECB-180F-C56B338B16C8}.Release|Any CPU.Build.0 = Release|Any CPU
	EndGlobalSection
	GlobalSection(SolutionProperties) = preSolution
		HideSolutionNode = FALSE
	EndGlobalSection
	GlobalSection(ExtensibilityGlobals) = postSolution
		SolutionGuid = {2A81DBDE-168D-4312-A0A9-A573025C2355}
	EndGlobalSection
EndGlobal
